
Microsoft Visual Studio Solution File, Format Version 12.00
# Visual Studio Version 16
VisualStudioVersion = 16.0.30105.148
MinimumVisualStudioVersion = 10.0.40219.1
Project("{2150E333-8FDC-42A3-9474-1A3956D46DE8}") = ".SolutionItems", ".SolutionItems", "{FE951C1D-8EC7-419E-A7A2-A0175125BCBB}"
	ProjectSection(SolutionItems) = preProject
		.gitignore = .gitignore
		nuget.config = nuget.config
		README.md = README.md
		setup.ps1 = setup.ps1
		sitecore.json = sitecore.json
	EndProjectSection
EndProject
Project("{2150E333-8FDC-42A3-9474-1A3956D46DE8}") = "Environment", "Environment", "{B04642CD-8FAB-4282-8C7E-E79942FC3ABB}"
EndProject
Project("{2150E333-8FDC-42A3-9474-1A3956D46DE8}") = "Foundation", "Foundation", "{324D4FE7-86EF-43A2-A466-21198CB856AD}"
EndProject
Project("{2150E333-8FDC-42A3-9474-1A3956D46DE8}") = "Project", "Project", "{94C82DDA-FE0D-4EBF-AEAA-81E13CB07FE5}"
EndProject
Project("{2150E333-8FDC-42A3-9474-1A3956D46DE8}") = "Feature", "Feature", "{F1800335-D16A-4FB6-B213-1885963E283D}"
EndProject
Project("{2150E333-8FDC-42A3-9474-1A3956D46DE8}") = "Multisite", "Multisite", "{C498C9DC-F441-45E5-A238-DC2E0D1CB486}"
	ProjectSection(SolutionItems) = preProject
		src\Foundation\Multisite\Multisite.module.json = src\Foundation\Multisite\Multisite.module.json
	EndProjectSection
EndProject
Project("{2150E333-8FDC-42A3-9474-1A3956D46DE8}") = "docker", "docker", "{C2A09BF2-FE3E-4A2D-8FB0-CDD281AC568A}"
	ProjectSection(SolutionItems) = preProject
		.env = .env
		docker-compose.yml = docker-compose.yml
	EndProjectSection
EndProject
Project("{2150E333-8FDC-42A3-9474-1A3956D46DE8}") = "build", "build", "{0CD77201-5A3D-430A-A40F-C0343435359B}"
EndProject
Project("{2150E333-8FDC-42A3-9474-1A3956D46DE8}") = "cd", "cd", "{D00E084E-C02B-4F44-B1B5-09F44A3F0084}"
	ProjectSection(SolutionItems) = preProject
		docker\build\cd\Dockerfile = docker\build\cd\Dockerfile
	EndProjectSection
EndProject
Project("{2150E333-8FDC-42A3-9474-1A3956D46DE8}") = "cm", "cm", "{C3047BDB-95AB-461D-A5F6-E337D606A2CD}"
	ProjectSection(SolutionItems) = preProject
		docker\build\cm\Dockerfile = docker\build\cm\Dockerfile
	EndProjectSection
EndProject
Project("{FAE04EC0-301F-11D3-BF4B-00C04F79EFBC}") = "Mvp.Environment.Sitecore", "src\Environment\sitecore\Mvp.Environment.Sitecore.csproj", "{2424E8B4-0111-4306-9603-0D2702EA60C5}"
EndProject
Project("{FAE04EC0-301F-11D3-BF4B-00C04F79EFBC}") = "Mvp.Project.MvpSite.Sitecore", "src\Project\MvpSite\sitecore\Mvp.Project.MvpSite.Sitecore.csproj", "{AD9A7A76-AAE5-4336-9E8F-8327498845D1}"
EndProject
Project("{2150E333-8FDC-42A3-9474-1A3956D46DE8}") = "MvpSite", "MvpSite", "{E3ED70EC-3845-46E0-B18A-2EC8077C83A2}"
	ProjectSection(SolutionItems) = preProject
		src\Project\MvpSite\MvpSite.module.json = src\Project\MvpSite\MvpSite.module.json
	EndProjectSection
EndProject
Project("{9A19103F-16F7-4668-BE54-9A1E7A4F7556}") = "Mvp.Project.MvpSite.Rendering", "src\Project\MvpSite\rendering\Mvp.Project.MvpSite.Rendering.csproj", "{BA33EC49-1ED9-4628-A2F9-057D5BC0F76D}"
EndProject
Project("{2150E333-8FDC-42A3-9474-1A3956D46DE8}") = "Solution", "Solution", "{C9635732-EFFF-441E-B2C4-272AB2F9DC64}"
	ProjectSection(SolutionItems) = preProject
		docker\build\solution\Dockerfile = docker\build\solution\Dockerfile
	EndProjectSection
EndProject
Project("{2150E333-8FDC-42A3-9474-1A3956D46DE8}") = "rendering", "rendering", "{7DC50DBD-3ABA-4EB0-9DC5-9007BDE0EC01}"
	ProjectSection(SolutionItems) = preProject
		docker\build\rendering\Dockerfile = docker\build\rendering\Dockerfile
	EndProjectSection
EndProject
Project("{9A19103F-16F7-4668-BE54-9A1E7A4F7556}") = "Mvp.Feature.Navigation.Rendering", "src\Feature\Navigation\rendering\Mvp.Feature.Navigation.Rendering.csproj", "{3B79ADFB-5EEF-4892-A4DE-CAAF6EA5141D}"
EndProject
Project("{FAE04EC0-301F-11D3-BF4B-00C04F79EFBC}") = "Mvp.Feature.Navigation.Sitecore", "src\Feature\Navigation\sitecore\Mvp.Feature.Navigation.Sitecore.csproj", "{DE98D5C9-5350-4457-AC65-63BC6A3BA0E9}"
EndProject
Project("{2150E333-8FDC-42A3-9474-1A3956D46DE8}") = "Navigation", "Navigation", "{8DE4BCBC-3DDF-402C-BE7A-DFE00CC3FF58}"
	ProjectSection(SolutionItems) = preProject
		src\Feature\Navigation\Navigation.module.json = src\Feature\Navigation\Navigation.module.json
	EndProjectSection
EndProject
Project("{2150E333-8FDC-42A3-9474-1A3956D46DE8}") = "Hero", "Hero", "{17BD7D19-AD78-4D67-9087-65F0047B67F5}"
	ProjectSection(SolutionItems) = preProject
		src\Feature\Hero\Hero.module.json = src\Feature\Hero\Hero.module.json
	EndProjectSection
EndProject
Project("{9A19103F-16F7-4668-BE54-9A1E7A4F7556}") = "Mvp.Feature.Hero.Rendering", "src\Feature\Hero\rendering\Mvp.Feature.Hero.Rendering.csproj", "{C635C132-79EE-4E73-8215-493D6FC20E5D}"
EndProject
Project("{2150E333-8FDC-42A3-9474-1A3956D46DE8}") = "BasicContent", "BasicContent", "{7C3FF05D-1EDE-48E2-9B07-3119D8433291}"
	ProjectSection(SolutionItems) = preProject
		src\Feature\BasicContent\BasicContent.module.json = src\Feature\BasicContent\BasicContent.module.json
	EndProjectSection
EndProject
Project("{9A19103F-16F7-4668-BE54-9A1E7A4F7556}") = "Mvp.Feature.BasicContent.Rendering", "src\Feature\BasicContent\rendering\Mvp.Feature.BasicContent.Rendering.csproj", "{FB7AC742-AE9A-4CD4-A279-C0A546495823}"
EndProject
Project("{9A19103F-16F7-4668-BE54-9A1E7A4F7556}") = "Mvp.Feature.BasicContent.Shared", "src\Feature\BasicContent\shared\Mvp.Feature.BasicContent.Shared.csproj", "{EAB0A752-8515-42F2-B21B-8D63ADAAF461}"
EndProject
Project("{FAE04EC0-301F-11D3-BF4B-00C04F79EFBC}") = "Mvp.Feature.BasicContent.Sitecore", "src\Feature\BasicContent\sitecore\Mvp.Feature.BasicContent.Sitecore.csproj", "{E878C143-E4D5-4BA9-AA69-D7FE0772C92C}"
EndProject
Global
	GlobalSection(SolutionConfigurationPlatforms) = preSolution
		Debug|Any CPU = Debug|Any CPU
		Release|Any CPU = Release|Any CPU
	EndGlobalSection
	GlobalSection(ProjectConfigurationPlatforms) = postSolution
		{2424E8B4-0111-4306-9603-0D2702EA60C5}.Debug|Any CPU.ActiveCfg = Debug|Any CPU
		{2424E8B4-0111-4306-9603-0D2702EA60C5}.Debug|Any CPU.Build.0 = Debug|Any CPU
		{2424E8B4-0111-4306-9603-0D2702EA60C5}.Release|Any CPU.ActiveCfg = Release|Any CPU
		{2424E8B4-0111-4306-9603-0D2702EA60C5}.Release|Any CPU.Build.0 = Release|Any CPU
		{AD9A7A76-AAE5-4336-9E8F-8327498845D1}.Debug|Any CPU.ActiveCfg = Debug|Any CPU
		{AD9A7A76-AAE5-4336-9E8F-8327498845D1}.Debug|Any CPU.Build.0 = Debug|Any CPU
		{AD9A7A76-AAE5-4336-9E8F-8327498845D1}.Release|Any CPU.ActiveCfg = Release|Any CPU
		{AD9A7A76-AAE5-4336-9E8F-8327498845D1}.Release|Any CPU.Build.0 = Release|Any CPU
		{BA33EC49-1ED9-4628-A2F9-057D5BC0F76D}.Debug|Any CPU.ActiveCfg = Debug|Any CPU
		{BA33EC49-1ED9-4628-A2F9-057D5BC0F76D}.Debug|Any CPU.Build.0 = Debug|Any CPU
		{BA33EC49-1ED9-4628-A2F9-057D5BC0F76D}.Release|Any CPU.ActiveCfg = Release|Any CPU
		{BA33EC49-1ED9-4628-A2F9-057D5BC0F76D}.Release|Any CPU.Build.0 = Release|Any CPU
		{3B79ADFB-5EEF-4892-A4DE-CAAF6EA5141D}.Debug|Any CPU.ActiveCfg = Debug|Any CPU
		{3B79ADFB-5EEF-4892-A4DE-CAAF6EA5141D}.Debug|Any CPU.Build.0 = Debug|Any CPU
		{3B79ADFB-5EEF-4892-A4DE-CAAF6EA5141D}.Release|Any CPU.ActiveCfg = Release|Any CPU
		{3B79ADFB-5EEF-4892-A4DE-CAAF6EA5141D}.Release|Any CPU.Build.0 = Release|Any CPU
		{DE98D5C9-5350-4457-AC65-63BC6A3BA0E9}.Debug|Any CPU.ActiveCfg = Debug|Any CPU
		{DE98D5C9-5350-4457-AC65-63BC6A3BA0E9}.Debug|Any CPU.Build.0 = Debug|Any CPU
		{DE98D5C9-5350-4457-AC65-63BC6A3BA0E9}.Release|Any CPU.ActiveCfg = Release|Any CPU
		{DE98D5C9-5350-4457-AC65-63BC6A3BA0E9}.Release|Any CPU.Build.0 = Release|Any CPU
		{C635C132-79EE-4E73-8215-493D6FC20E5D}.Debug|Any CPU.ActiveCfg = Debug|Any CPU
		{C635C132-79EE-4E73-8215-493D6FC20E5D}.Debug|Any CPU.Build.0 = Debug|Any CPU
		{C635C132-79EE-4E73-8215-493D6FC20E5D}.Release|Any CPU.ActiveCfg = Release|Any CPU
		{C635C132-79EE-4E73-8215-493D6FC20E5D}.Release|Any CPU.Build.0 = Release|Any CPU
		{FB7AC742-AE9A-4CD4-A279-C0A546495823}.Debug|Any CPU.ActiveCfg = Debug|Any CPU
		{FB7AC742-AE9A-4CD4-A279-C0A546495823}.Debug|Any CPU.Build.0 = Debug|Any CPU
		{FB7AC742-AE9A-4CD4-A279-C0A546495823}.Release|Any CPU.ActiveCfg = Release|Any CPU
		{FB7AC742-AE9A-4CD4-A279-C0A546495823}.Release|Any CPU.Build.0 = Release|Any CPU
		{EAB0A752-8515-42F2-B21B-8D63ADAAF461}.Debug|Any CPU.ActiveCfg = Debug|Any CPU
		{EAB0A752-8515-42F2-B21B-8D63ADAAF461}.Debug|Any CPU.Build.0 = Debug|Any CPU
		{EAB0A752-8515-42F2-B21B-8D63ADAAF461}.Release|Any CPU.ActiveCfg = Release|Any CPU
		{EAB0A752-8515-42F2-B21B-8D63ADAAF461}.Release|Any CPU.Build.0 = Release|Any CPU
		{E878C143-E4D5-4BA9-AA69-D7FE0772C92C}.Debug|Any CPU.ActiveCfg = Debug|Any CPU
		{E878C143-E4D5-4BA9-AA69-D7FE0772C92C}.Debug|Any CPU.Build.0 = Debug|Any CPU
		{E878C143-E4D5-4BA9-AA69-D7FE0772C92C}.Release|Any CPU.ActiveCfg = Release|Any CPU
		{E878C143-E4D5-4BA9-AA69-D7FE0772C92C}.Release|Any CPU.Build.0 = Release|Any CPU
	EndGlobalSection
	GlobalSection(SolutionProperties) = preSolution
		HideSolutionNode = FALSE
	EndGlobalSection
	GlobalSection(NestedProjects) = preSolution
		{C498C9DC-F441-45E5-A238-DC2E0D1CB486} = {324D4FE7-86EF-43A2-A466-21198CB856AD}
		{C2A09BF2-FE3E-4A2D-8FB0-CDD281AC568A} = {FE951C1D-8EC7-419E-A7A2-A0175125BCBB}
		{0CD77201-5A3D-430A-A40F-C0343435359B} = {C2A09BF2-FE3E-4A2D-8FB0-CDD281AC568A}
		{D00E084E-C02B-4F44-B1B5-09F44A3F0084} = {0CD77201-5A3D-430A-A40F-C0343435359B}
		{C3047BDB-95AB-461D-A5F6-E337D606A2CD} = {0CD77201-5A3D-430A-A40F-C0343435359B}
		{2424E8B4-0111-4306-9603-0D2702EA60C5} = {B04642CD-8FAB-4282-8C7E-E79942FC3ABB}
		{AD9A7A76-AAE5-4336-9E8F-8327498845D1} = {E3ED70EC-3845-46E0-B18A-2EC8077C83A2}
		{E3ED70EC-3845-46E0-B18A-2EC8077C83A2} = {94C82DDA-FE0D-4EBF-AEAA-81E13CB07FE5}
		{BA33EC49-1ED9-4628-A2F9-057D5BC0F76D} = {E3ED70EC-3845-46E0-B18A-2EC8077C83A2}
		{C9635732-EFFF-441E-B2C4-272AB2F9DC64} = {0CD77201-5A3D-430A-A40F-C0343435359B}
		{7DC50DBD-3ABA-4EB0-9DC5-9007BDE0EC01} = {0CD77201-5A3D-430A-A40F-C0343435359B}
		{3B79ADFB-5EEF-4892-A4DE-CAAF6EA5141D} = {8DE4BCBC-3DDF-402C-BE7A-DFE00CC3FF58}
		{DE98D5C9-5350-4457-AC65-63BC6A3BA0E9} = {8DE4BCBC-3DDF-402C-BE7A-DFE00CC3FF58}
		{8DE4BCBC-3DDF-402C-BE7A-DFE00CC3FF58} = {F1800335-D16A-4FB6-B213-1885963E283D}
		{17BD7D19-AD78-4D67-9087-65F0047B67F5} = {F1800335-D16A-4FB6-B213-1885963E283D}
		{C635C132-79EE-4E73-8215-493D6FC20E5D} = {17BD7D19-AD78-4D67-9087-65F0047B67F5}
		{7C3FF05D-1EDE-48E2-9B07-3119D8433291} = {F1800335-D16A-4FB6-B213-1885963E283D}
		{FB7AC742-AE9A-4CD4-A279-C0A546495823} = {7C3FF05D-1EDE-48E2-9B07-3119D8433291}
		{EAB0A752-8515-42F2-B21B-8D63ADAAF461} = {7C3FF05D-1EDE-48E2-9B07-3119D8433291}
		{E878C143-E4D5-4BA9-AA69-D7FE0772C92C} = {7C3FF05D-1EDE-48E2-9B07-3119D8433291}
	EndGlobalSection
	GlobalSection(ExtensibilityGlobals) = postSolution
		SolutionGuid = {F3377439-FD7A-4F3E-8011-06175E0E3100}
	EndGlobalSection
EndGlobal
