
Microsoft Visual Studio Solution File, Format Version 12.00
# Visual Studio Version 16
VisualStudioVersion = 16.0.30105.148
MinimumVisualStudioVersion = 10.0.40219.1
Project("{2150E333-8FDC-42A3-9474-1A3956D46DE8}") = ".SolutionItems", ".SolutionItems", "{FE951C1D-8EC7-419E-A7A2-A0175125BCBB}"
	ProjectSection(SolutionItems) = preProject
		.gitignore = .gitignore
		nuget.config = nuget.config
		README.md = README.md
		setup.ps1 = setup.ps1
		sitecore.json = sitecore.json
	EndProjectSection
EndProject
Project("{2150E333-8FDC-42A3-9474-1A3956D46DE8}") = "Environment", "Environment", "{B04642CD-8FAB-4282-8C7E-E79942FC3ABB}"
EndProject
Project("{2150E333-8FDC-42A3-9474-1A3956D46DE8}") = "Foundation", "Foundation", "{324D4FE7-86EF-43A2-A466-21198CB856AD}"
EndProject
Project("{2150E333-8FDC-42A3-9474-1A3956D46DE8}") = "Project", "Project", "{94C82DDA-FE0D-4EBF-AEAA-81E13CB07FE5}"
EndProject
Project("{2150E333-8FDC-42A3-9474-1A3956D46DE8}") = "Feature", "Feature", "{F1800335-D16A-4FB6-B213-1885963E283D}"
EndProject
Project("{2150E333-8FDC-42A3-9474-1A3956D46DE8}") = "Multisite", "Multisite", "{C498C9DC-F441-45E5-A238-DC2E0D1CB486}"
	ProjectSection(SolutionItems) = preProject
		src\Foundation\Multisite\Multisite.module.json = src\Foundation\Multisite\Multisite.module.json
	EndProjectSection
EndProject
Project("{2150E333-8FDC-42A3-9474-1A3956D46DE8}") = "docker", "docker", "{C2A09BF2-FE3E-4A2D-8FB0-CDD281AC568A}"
	ProjectSection(SolutionItems) = preProject
		.env = .env
		docker-compose.yml = docker-compose.yml
	EndProjectSection
EndProject
Project("{2150E333-8FDC-42A3-9474-1A3956D46DE8}") = "build", "build", "{0CD77201-5A3D-430A-A40F-C0343435359B}"
EndProject
Project("{2150E333-8FDC-42A3-9474-1A3956D46DE8}") = "cd", "cd", "{D00E084E-C02B-4F44-B1B5-09F44A3F0084}"
	ProjectSection(SolutionItems) = preProject
		docker\build\cd\Dockerfile = docker\build\cd\Dockerfile
	EndProjectSection
EndProject
Project("{2150E333-8FDC-42A3-9474-1A3956D46DE8}") = "cm", "cm", "{C3047BDB-95AB-461D-A5F6-E337D606A2CD}"
	ProjectSection(SolutionItems) = preProject
		docker\build\cm\Dockerfile = docker\build\cm\Dockerfile
	EndProjectSection
EndProject
Global
	GlobalSection(SolutionProperties) = preSolution
		HideSolutionNode = FALSE
	EndGlobalSection
	GlobalSection(NestedProjects) = preSolution
		{C498C9DC-F441-45E5-A238-DC2E0D1CB486} = {324D4FE7-86EF-43A2-A466-21198CB856AD}
		{C2A09BF2-FE3E-4A2D-8FB0-CDD281AC568A} = {FE951C1D-8EC7-419E-A7A2-A0175125BCBB}
		{0CD77201-5A3D-430A-A40F-C0343435359B} = {C2A09BF2-FE3E-4A2D-8FB0-CDD281AC568A}
		{D00E084E-C02B-4F44-B1B5-09F44A3F0084} = {0CD77201-5A3D-430A-A40F-C0343435359B}
		{C3047BDB-95AB-461D-A5F6-E337D606A2CD} = {0CD77201-5A3D-430A-A40F-C0343435359B}
	EndGlobalSection
	GlobalSection(ExtensibilityGlobals) = postSolution
		SolutionGuid = {F3377439-FD7A-4F3E-8011-06175E0E3100}
	EndGlobalSection
EndGlobal
